
Microsoft Visual Studio Solution File, Format Version 12.00
# Visual Studio Version 17
VisualStudioVersion = 17.0.31903.59
MinimumVisualStudioVersion = 10.0.40219.1
Project("{2150E333-8FDC-42A3-9474-1A3956D46DE8}") = "src", "src", "{6935098A-D3ED-4B7C-A3D9-4E7F36A95979}"
EndProject
Project("{FAE04EC0-301F-11D3-BF4B-00C04F79EFBC}") = "Convert.Application.Host", "src\Convert.Application.Host\Convert.Application.Host.csproj", "{3F65AE75-C88D-4FF1-A4B1-BF08529C6033}"
EndProject
Project("{FAE04EC0-301F-11D3-BF4B-00C04F79EFBC}") = "Convert.Application.AppServices", "Convert.Application.AppServices\Convert.Application.AppServices.csproj", "{71F0C730-0B7C-4A9A-BCEC-DE0195B3D2C4}"
EndProject
Project("{FAE04EC0-301F-11D3-BF4B-00C04F79EFBC}") = "Convert.Application.AppServices.Contracts", "src\Convert.Application.AppServices.Contracts\Convert.Application.AppServices.Contracts.csproj", "{E41FD982-F5F5-4418-8510-7308385297AC}"
EndProject
Project("{FAE04EC0-301F-11D3-BF4B-00C04F79EFBC}") = "Convert.Application.Api.Contracts", "src\Convert.Application.Api.Contracts\Convert.Application.Api.Contracts.csproj", "{57B36EE8-92FC-4284-BC32-9306E21595D0}"
EndProject
Global
	GlobalSection(SolutionConfigurationPlatforms) = preSolution
		Debug|Any CPU = Debug|Any CPU
		Release|Any CPU = Release|Any CPU
	EndGlobalSection
	GlobalSection(SolutionProperties) = preSolution
		HideSolutionNode = FALSE
	EndGlobalSection
	GlobalSection(ProjectConfigurationPlatforms) = postSolution
		{3F65AE75-C88D-4FF1-A4B1-BF08529C6033}.Debug|Any CPU.ActiveCfg = Debug|Any CPU
		{3F65AE75-C88D-4FF1-A4B1-BF08529C6033}.Debug|Any CPU.Build.0 = Debug|Any CPU
		{3F65AE75-C88D-4FF1-A4B1-BF08529C6033}.Release|Any CPU.ActiveCfg = Release|Any CPU
		{3F65AE75-C88D-4FF1-A4B1-BF08529C6033}.Release|Any CPU.Build.0 = Release|Any CPU
		{71F0C730-0B7C-4A9A-BCEC-DE0195B3D2C4}.Debug|Any CPU.ActiveCfg = Debug|Any CPU
		{71F0C730-0B7C-4A9A-BCEC-DE0195B3D2C4}.Debug|Any CPU.Build.0 = Debug|Any CPU
		{71F0C730-0B7C-4A9A-BCEC-DE0195B3D2C4}.Release|Any CPU.ActiveCfg = Release|Any CPU
		{71F0C730-0B7C-4A9A-BCEC-DE0195B3D2C4}.Release|Any CPU.Build.0 = Release|Any CPU
		{E41FD982-F5F5-4418-8510-7308385297AC}.Debug|Any CPU.ActiveCfg = Debug|Any CPU
		{E41FD982-F5F5-4418-8510-7308385297AC}.Debug|Any CPU.Build.0 = Debug|Any CPU
		{E41FD982-F5F5-4418-8510-7308385297AC}.Release|Any CPU.ActiveCfg = Release|Any CPU
		{E41FD982-F5F5-4418-8510-7308385297AC}.Release|Any CPU.Build.0 = Release|Any CPU
		{57B36EE8-92FC-4284-BC32-9306E21595D0}.Debug|Any CPU.ActiveCfg = Debug|Any CPU
		{57B36EE8-92FC-4284-BC32-9306E21595D0}.Debug|Any CPU.Build.0 = Debug|Any CPU
		{57B36EE8-92FC-4284-BC32-9306E21595D0}.Release|Any CPU.ActiveCfg = Release|Any CPU
		{57B36EE8-92FC-4284-BC32-9306E21595D0}.Release|Any CPU.Build.0 = Release|Any CPU
	EndGlobalSection
	GlobalSection(NestedProjects) = preSolution
		{3F65AE75-C88D-4FF1-A4B1-BF08529C6033} = {6935098A-D3ED-4B7C-A3D9-4E7F36A95979}
		{71F0C730-0B7C-4A9A-BCEC-DE0195B3D2C4} = {6935098A-D3ED-4B7C-A3D9-4E7F36A95979}
		{E41FD982-F5F5-4418-8510-7308385297AC} = {6935098A-D3ED-4B7C-A3D9-4E7F36A95979}
		{57B36EE8-92FC-4284-BC32-9306E21595D0} = {6935098A-D3ED-4B7C-A3D9-4E7F36A95979}
	EndGlobalSection
EndGlobal
